
Microsoft Visual Studio Solution File, Format Version 12.00
# Visual Studio Version 16
VisualStudioVersion = 16.0.29926.136
MinimumVisualStudioVersion = 10.0.40219.1
Project("{FAE04EC0-301F-11D3-BF4B-00C04F79EFBC}") = "TARpv", "TARpv\TARpv.csproj", "{BAFE65C2-57E9-4D4E-96E6-406D88F79DD3}"
EndProject
Global
	GlobalSection(SolutionConfigurationPlatforms) = preSolution
		Debug|Any CPU = Debug|Any CPU
		Release|Any CPU = Release|Any CPU
	EndGlobalSection
	GlobalSection(ProjectConfigurationPlatforms) = postSolution
		{BAFE65C2-57E9-4D4E-96E6-406D88F79DD3}.Debug|Any CPU.ActiveCfg = Debug|Any CPU
		{BAFE65C2-57E9-4D4E-96E6-406D88F79DD3}.Debug|Any CPU.Build.0 = Debug|Any CPU
		{BAFE65C2-57E9-4D4E-96E6-406D88F79DD3}.Release|Any CPU.ActiveCfg = Release|Any CPU
		{BAFE65C2-57E9-4D4E-96E6-406D88F79DD3}.Release|Any CPU.Build.0 = Release|Any CPU
	EndGlobalSection
	GlobalSection(SolutionProperties) = preSolution
		HideSolutionNode = FALSE
	EndGlobalSection
	GlobalSection(ExtensibilityGlobals) = postSolution
		SolutionGuid = {6CA17BE3-B841-452A-B875-5F71785591A4}
	EndGlobalSection
EndGlobal
